// !$*UTF8*$!
{
	archiveVersion = 1;
	classes = {
	};
	objectVersion = 56;
	objects = {

/* Begin PBXBuildFile section */
		2B8C81A52CCF1EE000F08D24 /* ListRowView.swift in Sources */ = {isa = PBXBuildFile; fileRef = 2B8C81A42CCF1ED900F08D24 /* ListRowView.swift */; };
		2B8C81A72CCF20D600F08D24 /* AddView.swift in Sources */ = {isa = PBXBuildFile; fileRef = 2B8C81A62CCF20D600F08D24 /* AddView.swift */; };
		2B8C81AA2CCF237600F08D24 /* ItemModel.swift in Sources */ = {isa = PBXBuildFile; fileRef = 2B8C81A92CCF237600F08D24 /* ItemModel.swift */; };
		2B8C81AD2CCF29D600F08D24 /* ListViewModel.swift in Sources */ = {isa = PBXBuildFile; fileRef = 2B8C81AC2CCF29D600F08D24 /* ListViewModel.swift */; };
		2B9115612CCAF9D5005D95F3 /* Ball.wav in Resources */ = {isa = PBXBuildFile; fileRef = 2B9115602CCAF9D5005D95F3 /* Ball.wav */; };
		2B9115632CCAF9E4005D95F3 /* FoulBall.wav in Resources */ = {isa = PBXBuildFile; fileRef = 2B9115622CCAF9E4005D95F3 /* FoulBall.wav */; };
		2B9115652CCB01B7005D95F3 /* Strike.wav in Resources */ = {isa = PBXBuildFile; fileRef = 2B9115642CCB01B7005D95F3 /* Strike.wav */; };
		2B9701732BF2F94F00C02353 /* Full_CountApp.swift in Sources */ = {isa = PBXBuildFile; fileRef = 2B9701722BF2F94F00C02353 /* Full_CountApp.swift */; };
		2B9701752BF2F94F00C02353 /* ContentView.swift in Sources */ = {isa = PBXBuildFile; fileRef = 2B9701742BF2F94F00C02353 /* ContentView.swift */; };
		2B9701772BF2F95100C02353 /* Assets.xcassets in Resources */ = {isa = PBXBuildFile; fileRef = 2B9701762BF2F95100C02353 /* Assets.xcassets */; };
		2B97017A2BF2F95100C02353 /* Preview Assets.xcassets in Resources */ = {isa = PBXBuildFile; fileRef = 2B9701792BF2F95100C02353 /* Preview Assets.xcassets */; };
		2B9701812BF2F9F400C02353 /* Runs.swift in Sources */ = {isa = PBXBuildFile; fileRef = 2B9701802BF2F9F400C02353 /* Runs.swift */; };
		2B9C1A842CD66E5700FD66C6 /* NoItemsView.swift in Sources */ = {isa = PBXBuildFile; fileRef = 2B9C1A832CD66E5700FD66C6 /* NoItemsView.swift */; };
		2B9C1A862CD67D2500FD66C6 /* SimPlainCount.swift in Sources */ = {isa = PBXBuildFile; fileRef = 2B9C1A852CD67D2500FD66C6 /* SimPlainCount.swift */; };
		2BA3AD812CCEF89B00FF8ABC /* CountSpace.swift in Sources */ = {isa = PBXBuildFile; fileRef = 2BA3AD802CCEF89B00FF8ABC /* CountSpace.swift */; };
		2BA5E2152CB32FFD007778D2 /* TheCount.swift in Sources */ = {isa = PBXBuildFile; fileRef = 2BA5E2142CB32FFD007778D2 /* TheCount.swift */; };
		2BBB42062CCC0F7200B94E2B /* AS_Menu.swift in Sources */ = {isa = PBXBuildFile; fileRef = 2BBB42052CCC0F7100B94E2B /* AS_Menu.swift */; };
		2BCE549D2CB7082A00BAC065 /* UseSound.swift in Sources */ = {isa = PBXBuildFile; fileRef = 2BCE549C2CB7082A00BAC065 /* UseSound.swift */; };
		2BDCB6BD2CB5C25A009674C1 /* Settings.swift in Sources */ = {isa = PBXBuildFile; fileRef = 2BDCB6BC2CB5C25A009674C1 /* Settings.swift */; };
		2BF276432CD5506600D2A3A5 /* InsideAddedView.swift in Sources */ = {isa = PBXBuildFile; fileRef = 2BF276422CD5506600D2A3A5 /* InsideAddedView.swift */; };
		2BF276452CD550DB00D2A3A5 /* ToDoListMainView.swift in Sources */ = {isa = PBXBuildFile; fileRef = 2BF276442CD550DB00D2A3A5 /* ToDoListMainView.swift */; };
/* End PBXBuildFile section */

/* Begin PBXFileReference section */
		2B8C81A42CCF1ED900F08D24 /* ListRowView.swift */ = {isa = PBXFileReference; lastKnownFileType = sourcecode.swift; path = ListRowView.swift; sourceTree = "<group>"; };
		2B8C81A62CCF20D600F08D24 /* AddView.swift */ = {isa = PBXFileReference; lastKnownFileType = sourcecode.swift; path = AddView.swift; sourceTree = "<group>"; };
		2B8C81A92CCF237600F08D24 /* ItemModel.swift */ = {isa = PBXFileReference; lastKnownFileType = sourcecode.swift; path = ItemModel.swift; sourceTree = "<group>"; };
		2B8C81AC2CCF29D600F08D24 /* ListViewModel.swift */ = {isa = PBXFileReference; lastKnownFileType = sourcecode.swift; path = ListViewModel.swift; sourceTree = "<group>"; };
		2B9115602CCAF9D5005D95F3 /* Ball.wav */ = {isa = PBXFileReference; lastKnownFileType = audio.wav; path = Ball.wav; sourceTree = "<group>"; };
		2B9115622CCAF9E4005D95F3 /* FoulBall.wav */ = {isa = PBXFileReference; lastKnownFileType = audio.wav; path = FoulBall.wav; sourceTree = "<group>"; };
		2B9115642CCB01B7005D95F3 /* Strike.wav */ = {isa = PBXFileReference; lastKnownFileType = audio.wav; path = Strike.wav; sourceTree = "<group>"; };
		2B97016F2BF2F94F00C02353 /* Full Count.app */ = {isa = PBXFileReference; explicitFileType = wrapper.application; includeInIndex = 0; path = "Full Count.app"; sourceTree = BUILT_PRODUCTS_DIR; };
		2B9701722BF2F94F00C02353 /* Full_CountApp.swift */ = {isa = PBXFileReference; lastKnownFileType = sourcecode.swift; path = Full_CountApp.swift; sourceTree = "<group>"; };
		2B9701742BF2F94F00C02353 /* ContentView.swift */ = {isa = PBXFileReference; lastKnownFileType = sourcecode.swift; path = ContentView.swift; sourceTree = "<group>"; };
		2B9701762BF2F95100C02353 /* Assets.xcassets */ = {isa = PBXFileReference; lastKnownFileType = folder.assetcatalog; path = Assets.xcassets; sourceTree = "<group>"; };
		2B9701792BF2F95100C02353 /* Preview Assets.xcassets */ = {isa = PBXFileReference; lastKnownFileType = folder.assetcatalog; path = "Preview Assets.xcassets"; sourceTree = "<group>"; };
		2B9701802BF2F9F400C02353 /* Runs.swift */ = {isa = PBXFileReference; lastKnownFileType = sourcecode.swift; path = Runs.swift; sourceTree = "<group>"; };
		2B9C1A832CD66E5700FD66C6 /* NoItemsView.swift */ = {isa = PBXFileReference; lastKnownFileType = sourcecode.swift; path = NoItemsView.swift; sourceTree = "<group>"; };
		2B9C1A852CD67D2500FD66C6 /* SimPlainCount.swift */ = {isa = PBXFileReference; lastKnownFileType = sourcecode.swift; path = SimPlainCount.swift; sourceTree = "<group>"; };
		2BA3AD802CCEF89B00FF8ABC /* CountSpace.swift */ = {isa = PBXFileReference; lastKnownFileType = sourcecode.swift; path = CountSpace.swift; sourceTree = "<group>"; };
		2BA5E2142CB32FFD007778D2 /* TheCount.swift */ = {isa = PBXFileReference; indentWidth = 4; lastKnownFileType = sourcecode.swift; path = TheCount.swift; sourceTree = "<group>"; tabWidth = 4; };
		2BBB42052CCC0F7100B94E2B /* AS_Menu.swift */ = {isa = PBXFileReference; lastKnownFileType = sourcecode.swift; path = AS_Menu.swift; sourceTree = "<group>"; };
		2BCE549C2CB7082A00BAC065 /* UseSound.swift */ = {isa = PBXFileReference; lastKnownFileType = sourcecode.swift; path = UseSound.swift; sourceTree = "<group>"; };
		2BDCB6BC2CB5C25A009674C1 /* Settings.swift */ = {isa = PBXFileReference; lastKnownFileType = sourcecode.swift; path = Settings.swift; sourceTree = "<group>"; };
		2BF276422CD5506600D2A3A5 /* InsideAddedView.swift */ = {isa = PBXFileReference; lastKnownFileType = sourcecode.swift; path = InsideAddedView.swift; sourceTree = "<group>"; };
		2BF276442CD550DB00D2A3A5 /* ToDoListMainView.swift */ = {isa = PBXFileReference; lastKnownFileType = sourcecode.swift; path = ToDoListMainView.swift; sourceTree = "<group>"; };
/* End PBXFileReference section */

/* Begin PBXFrameworksBuildPhase section */
		2B97016C2BF2F94F00C02353 /* Frameworks */ = {
			isa = PBXFrameworksBuildPhase;
			buildActionMask = 2147483647;
			files = (
			);
			runOnlyForDeploymentPostprocessing = 0;
		};
/* End PBXFrameworksBuildPhase section */

/* Begin PBXGroup section */
		2B8C81A32CCF1E7F00F08D24 /* ToDo */ = {
			isa = PBXGroup;
			children = (
				2B8C81AB2CCF29B200F08D24 /* ViewModels */,
				2B8C81A82CCF235700F08D24 /* Models */,
				2B8C81A42CCF1ED900F08D24 /* ListRowView.swift */,
				2BA3AD802CCEF89B00FF8ABC /* CountSpace.swift */,
				2BF276442CD550DB00D2A3A5 /* ToDoListMainView.swift */,
				2B8C81A62CCF20D600F08D24 /* AddView.swift */,
				2BF276422CD5506600D2A3A5 /* InsideAddedView.swift */,
				2B9C1A832CD66E5700FD66C6 /* NoItemsView.swift */,
				2B9C1A852CD67D2500FD66C6 /* SimPlainCount.swift */,
			);
			path = ToDo;
			sourceTree = "<group>";
		};
		2B8C81A82CCF235700F08D24 /* Models */ = {
			isa = PBXGroup;
			children = (
				2B8C81A92CCF237600F08D24 /* ItemModel.swift */,
			);
			path = Models;
			sourceTree = "<group>";
		};
		2B8C81AB2CCF29B200F08D24 /* ViewModels */ = {
			isa = PBXGroup;
			children = (
				2B8C81AC2CCF29D600F08D24 /* ListViewModel.swift */,
			);
			path = ViewModels;
			sourceTree = "<group>";
		};
		2B9115692CCB40D7005D95F3 /* Baseball */ = {
			isa = PBXGroup;
			children = (
				2B9701802BF2F9F400C02353 /* Runs.swift */,
				2BA5E2142CB32FFD007778D2 /* TheCount.swift */,
			);
			path = Baseball;
			sourceTree = "<group>";
		};
		2B91156A2CCB414A005D95F3 /* Settings */ = {
			isa = PBXGroup;
			children = (
				2BDCB6BC2CB5C25A009674C1 /* Settings.swift */,
				2BCE549C2CB7082A00BAC065 /* UseSound.swift */,
				2BBB42052CCC0F7100B94E2B /* AS_Menu.swift */,
			);
			path = Settings;
			sourceTree = "<group>";
		};
		2B91156B2CCB4163005D95F3 /* Sounds */ = {
			isa = PBXGroup;
			children = (
				2B9115622CCAF9E4005D95F3 /* FoulBall.wav */,
				2B9115602CCAF9D5005D95F3 /* Ball.wav */,
				2B9115642CCB01B7005D95F3 /* Strike.wav */,
			);
			path = Sounds;
			sourceTree = "<group>";
		};
		2B91156E2CCB41FA005D95F3 /* Score Types */ = {
			isa = PBXGroup;
			children = (
				2B8C81A32CCF1E7F00F08D24 /* ToDo */,
				2B9115692CCB40D7005D95F3 /* Baseball */,
			);
			path = "Score Types";
			sourceTree = "<group>";
		};
		2B9701662BF2F94F00C02353 = {
			isa = PBXGroup;
			children = (
				2B9701712BF2F94F00C02353 /* Full Count */,
				2B9701702BF2F94F00C02353 /* Products */,
			);
			sourceTree = "<group>";
		};
		2B9701702BF2F94F00C02353 /* Products */ = {
			isa = PBXGroup;
			children = (
				2B97016F2BF2F94F00C02353 /* Full Count.app */,
			);
			name = Products;
			sourceTree = "<group>";
		};
		2B9701712BF2F94F00C02353 /* Full Count */ = {
			isa = PBXGroup;
			children = (
				2B91156B2CCB4163005D95F3 /* Sounds */,
				2B9701722BF2F94F00C02353 /* Full_CountApp.swift */,
				2B9701742BF2F94F00C02353 /* ContentView.swift */,
				2B91156A2CCB414A005D95F3 /* Settings */,
				2B91156E2CCB41FA005D95F3 /* Score Types */,
				2B9701762BF2F95100C02353 /* Assets.xcassets */,
				2B9701782BF2F95100C02353 /* Preview Content */,
			);
			path = "Full Count";
			sourceTree = "<group>";
		};
		2B9701782BF2F95100C02353 /* Preview Content */ = {
			isa = PBXGroup;
			children = (
				2B9701792BF2F95100C02353 /* Preview Assets.xcassets */,
			);
			path = "Preview Content";
			sourceTree = "<group>";
		};
/* End PBXGroup section */

/* Begin PBXNativeTarget section */
		2B97016E2BF2F94F00C02353 /* Full Count */ = {
			isa = PBXNativeTarget;
			buildConfigurationList = 2B97017D2BF2F95100C02353 /* Build configuration list for PBXNativeTarget "Full Count" */;
			buildPhases = (
				2B97016B2BF2F94F00C02353 /* Sources */,
				2B97016C2BF2F94F00C02353 /* Frameworks */,
				2B97016D2BF2F94F00C02353 /* Resources */,
			);
			buildRules = (
			);
			dependencies = (
			);
			name = "Full Count";
			productName = "Full Count";
			productReference = 2B97016F2BF2F94F00C02353 /* Full Count.app */;
			productType = "com.apple.product-type.application";
		};
/* End PBXNativeTarget section */

/* Begin PBXProject section */
		2B9701672BF2F94F00C02353 /* Project object */ = {
			isa = PBXProject;
			attributes = {
				BuildIndependentTargetsInParallel = 1;
				LastSwiftUpdateCheck = 1520;
				LastUpgradeCheck = 1520;
				TargetAttributes = {
					2B97016E2BF2F94F00C02353 = {
						CreatedOnToolsVersion = 15.2;
					};
				};
			};
			buildConfigurationList = 2B97016A2BF2F94F00C02353 /* Build configuration list for PBXProject "Full Count" */;
			compatibilityVersion = "Xcode 14.0";
			developmentRegion = en;
			hasScannedForEncodings = 0;
			knownRegions = (
				en,
				Base,
			);
			mainGroup = 2B9701662BF2F94F00C02353;
			productRefGroup = 2B9701702BF2F94F00C02353 /* Products */;
			projectDirPath = "";
			projectRoot = "";
			targets = (
				2B97016E2BF2F94F00C02353 /* Full Count */,
			);
		};
/* End PBXProject section */

/* Begin PBXResourcesBuildPhase section */
		2B97016D2BF2F94F00C02353 /* Resources */ = {
			isa = PBXResourcesBuildPhase;
			buildActionMask = 2147483647;
			files = (
				2B97017A2BF2F95100C02353 /* Preview Assets.xcassets in Resources */,
				2B9115632CCAF9E4005D95F3 /* FoulBall.wav in Resources */,
				2B9115652CCB01B7005D95F3 /* Strike.wav in Resources */,
				2B9701772BF2F95100C02353 /* Assets.xcassets in Resources */,
				2B9115612CCAF9D5005D95F3 /* Ball.wav in Resources */,
			);
			runOnlyForDeploymentPostprocessing = 0;
		};
/* End PBXResourcesBuildPhase section */

/* Begin PBXSourcesBuildPhase section */
		2B97016B2BF2F94F00C02353 /* Sources */ = {
			isa = PBXSourcesBuildPhase;
			buildActionMask = 2147483647;
			files = (
				2BF276452CD550DB00D2A3A5 /* ToDoListMainView.swift in Sources */,
				2BBB42062CCC0F7200B94E2B /* AS_Menu.swift in Sources */,
				2B8C81AD2CCF29D600F08D24 /* ListViewModel.swift in Sources */,
				2B8C81AA2CCF237600F08D24 /* ItemModel.swift in Sources */,
				2B9C1A862CD67D2500FD66C6 /* SimPlainCount.swift in Sources */,
				2BDCB6BD2CB5C25A009674C1 /* Settings.swift in Sources */,
				2B9701752BF2F94F00C02353 /* ContentView.swift in Sources */,
				2BF276432CD5506600D2A3A5 /* InsideAddedView.swift in Sources */,
				2BA5E2152CB32FFD007778D2 /* TheCount.swift in Sources */,
				2B9C1A842CD66E5700FD66C6 /* NoItemsView.swift in Sources */,
				2BCE549D2CB7082A00BAC065 /* UseSound.swift in Sources */,
				2B8C81A52CCF1EE000F08D24 /* ListRowView.swift in Sources */,
				2B8C81A72CCF20D600F08D24 /* AddView.swift in Sources */,
				2BA3AD812CCEF89B00FF8ABC /* CountSpace.swift in Sources */,
				2B9701812BF2F9F400C02353 /* Runs.swift in Sources */,
				2B9701732BF2F94F00C02353 /* Full_CountApp.swift in Sources */,
			);
			runOnlyForDeploymentPostprocessing = 0;
		};
/* End PBXSourcesBuildPhase section */

/* Begin XCBuildConfiguration section */
		2B97017B2BF2F95100C02353 /* Debug */ = {
			isa = XCBuildConfiguration;
			buildSettings = {
				ALWAYS_SEARCH_USER_PATHS = NO;
				ASSETCATALOG_COMPILER_GENERATE_SWIFT_ASSET_SYMBOL_EXTENSIONS = YES;
				CLANG_ANALYZER_NONNULL = YES;
				CLANG_ANALYZER_NUMBER_OBJECT_CONVERSION = YES_AGGRESSIVE;
				CLANG_CXX_LANGUAGE_STANDARD = "gnu++20";
				CLANG_ENABLE_MODULES = YES;
				CLANG_ENABLE_OBJC_ARC = YES;
				CLANG_ENABLE_OBJC_WEAK = YES;
				CLANG_WARN_BLOCK_CAPTURE_AUTORELEASING = YES;
				CLANG_WARN_BOOL_CONVERSION = YES;
				CLANG_WARN_COMMA = YES;
				CLANG_WARN_CONSTANT_CONVERSION = YES;
				CLANG_WARN_DEPRECATED_OBJC_IMPLEMENTATIONS = YES;
				CLANG_WARN_DIRECT_OBJC_ISA_USAGE = YES_ERROR;
				CLANG_WARN_DOCUMENTATION_COMMENTS = YES;
				CLANG_WARN_EMPTY_BODY = YES;
				CLANG_WARN_ENUM_CONVERSION = YES;
				CLANG_WARN_INFINITE_RECURSION = YES;
				CLANG_WARN_INT_CONVERSION = YES;
				CLANG_WARN_NON_LITERAL_NULL_CONVERSION = YES;
				CLANG_WARN_OBJC_IMPLICIT_RETAIN_SELF = YES;
				CLANG_WARN_OBJC_LITERAL_CONVERSION = YES;
				CLANG_WARN_OBJC_ROOT_CLASS = YES_ERROR;
				CLANG_WARN_QUOTED_INCLUDE_IN_FRAMEWORK_HEADER = YES;
				CLANG_WARN_RANGE_LOOP_ANALYSIS = YES;
				CLANG_WARN_STRICT_PROTOTYPES = YES;
				CLANG_WARN_SUSPICIOUS_MOVE = YES;
				CLANG_WARN_UNGUARDED_AVAILABILITY = YES_AGGRESSIVE;
				CLANG_WARN_UNREACHABLE_CODE = YES;
				CLANG_WARN__DUPLICATE_METHOD_MATCH = YES;
				COPY_PHASE_STRIP = NO;
				DEBUG_INFORMATION_FORMAT = dwarf;
				ENABLE_STRICT_OBJC_MSGSEND = YES;
				ENABLE_TESTABILITY = YES;
				ENABLE_USER_SCRIPT_SANDBOXING = YES;
				GCC_C_LANGUAGE_STANDARD = gnu17;
				GCC_DYNAMIC_NO_PIC = NO;
				GCC_NO_COMMON_BLOCKS = YES;
				GCC_OPTIMIZATION_LEVEL = 0;
				GCC_PREPROCESSOR_DEFINITIONS = (
					"DEBUG=1",
					"$(inherited)",
				);
				GCC_WARN_64_TO_32_BIT_CONVERSION = YES;
				GCC_WARN_ABOUT_RETURN_TYPE = YES_ERROR;
				GCC_WARN_UNDECLARED_SELECTOR = YES;
				GCC_WARN_UNINITIALIZED_AUTOS = YES_AGGRESSIVE;
				GCC_WARN_UNUSED_FUNCTION = YES;
				GCC_WARN_UNUSED_VARIABLE = YES;
				IPHONEOS_DEPLOYMENT_TARGET = 14.4;
				LOCALIZATION_PREFERS_STRING_CATALOGS = YES;
				MTL_ENABLE_DEBUG_INFO = INCLUDE_SOURCE;
				MTL_FAST_MATH = YES;
				ONLY_ACTIVE_ARCH = YES;
				SDKROOT = iphoneos;
				SWIFT_ACTIVE_COMPILATION_CONDITIONS = "DEBUG $(inherited)";
				SWIFT_OPTIMIZATION_LEVEL = "-Onone";
			};
			name = Debug;
		};
		2B97017C2BF2F95100C02353 /* Release */ = {
			isa = XCBuildConfiguration;
			buildSettings = {
				ALWAYS_SEARCH_USER_PATHS = NO;
				ASSETCATALOG_COMPILER_GENERATE_SWIFT_ASSET_SYMBOL_EXTENSIONS = YES;
				CLANG_ANALYZER_NONNULL = YES;
				CLANG_ANALYZER_NUMBER_OBJECT_CONVERSION = YES_AGGRESSIVE;
				CLANG_CXX_LANGUAGE_STANDARD = "gnu++20";
				CLANG_ENABLE_MODULES = YES;
				CLANG_ENABLE_OBJC_ARC = YES;
				CLANG_ENABLE_OBJC_WEAK = YES;
				CLANG_WARN_BLOCK_CAPTURE_AUTORELEASING = YES;
				CLANG_WARN_BOOL_CONVERSION = YES;
				CLANG_WARN_COMMA = YES;
				CLANG_WARN_CONSTANT_CONVERSION = YES;
				CLANG_WARN_DEPRECATED_OBJC_IMPLEMENTATIONS = YES;
				CLANG_WARN_DIRECT_OBJC_ISA_USAGE = YES_ERROR;
				CLANG_WARN_DOCUMENTATION_COMMENTS = YES;
				CLANG_WARN_EMPTY_BODY = YES;
				CLANG_WARN_ENUM_CONVERSION = YES;
				CLANG_WARN_INFINITE_RECURSION = YES;
				CLANG_WARN_INT_CONVERSION = YES;
				CLANG_WARN_NON_LITERAL_NULL_CONVERSION = YES;
				CLANG_WARN_OBJC_IMPLICIT_RETAIN_SELF = YES;
				CLANG_WARN_OBJC_LITERAL_CONVERSION = YES;
				CLANG_WARN_OBJC_ROOT_CLASS = YES_ERROR;
				CLANG_WARN_QUOTED_INCLUDE_IN_FRAMEWORK_HEADER = YES;
				CLANG_WARN_RANGE_LOOP_ANALYSIS = YES;
				CLANG_WARN_STRICT_PROTOTYPES = YES;
				CLANG_WARN_SUSPICIOUS_MOVE = YES;
				CLANG_WARN_UNGUARDED_AVAILABILITY = YES_AGGRESSIVE;
				CLANG_WARN_UNREACHABLE_CODE = YES;
				CLANG_WARN__DUPLICATE_METHOD_MATCH = YES;
				COPY_PHASE_STRIP = NO;
				DEBUG_INFORMATION_FORMAT = "dwarf-with-dsym";
				ENABLE_NS_ASSERTIONS = NO;
				ENABLE_STRICT_OBJC_MSGSEND = YES;
				ENABLE_USER_SCRIPT_SANDBOXING = YES;
				GCC_C_LANGUAGE_STANDARD = gnu17;
				GCC_NO_COMMON_BLOCKS = YES;
				GCC_WARN_64_TO_32_BIT_CONVERSION = YES;
				GCC_WARN_ABOUT_RETURN_TYPE = YES_ERROR;
				GCC_WARN_UNDECLARED_SELECTOR = YES;
				GCC_WARN_UNINITIALIZED_AUTOS = YES_AGGRESSIVE;
				GCC_WARN_UNUSED_FUNCTION = YES;
				GCC_WARN_UNUSED_VARIABLE = YES;
				IPHONEOS_DEPLOYMENT_TARGET = 14.4;
				LOCALIZATION_PREFERS_STRING_CATALOGS = YES;
				MTL_ENABLE_DEBUG_INFO = NO;
				MTL_FAST_MATH = YES;
				SDKROOT = iphoneos;
				SWIFT_COMPILATION_MODE = wholemodule;
				VALIDATE_PRODUCT = YES;
			};
			name = Release;
		};
		2B97017E2BF2F95100C02353 /* Debug */ = {
			isa = XCBuildConfiguration;
			buildSettings = {
				ASSETCATALOG_COMPILER_APPICON_NAME = AppIcon;
				ASSETCATALOG_COMPILER_GLOBAL_ACCENT_COLOR_NAME = AccentColor;
				CODE_SIGN_IDENTITY = "Apple Development";
				CODE_SIGN_STYLE = Automatic;
				CURRENT_PROJECT_VERSION = 1;
				DEVELOPMENT_ASSET_PATHS = "\"Full Count/Preview Content\"";
				DEVELOPMENT_TEAM = G575KQ36CP;
				ENABLE_PREVIEWS = YES;
				GENERATE_INFOPLIST_FILE = YES;
				INFOPLIST_FILE = "Full-Count-Info.plist";
				INFOPLIST_KEY_CFBundleDisplayName = CountFusion;
				INFOPLIST_KEY_LSApplicationCategoryType = "public.app-category.utilities";
				INFOPLIST_KEY_UIApplicationSceneManifest_Generation = YES;
				INFOPLIST_KEY_UIApplicationSupportsIndirectInputEvents = YES;
				INFOPLIST_KEY_UILaunchScreen_Generation = YES;
				INFOPLIST_KEY_UIRequiresFullScreen = NO;
				INFOPLIST_KEY_UIStatusBarStyle = "";
				INFOPLIST_KEY_UISupportedInterfaceOrientations = UIInterfaceOrientationPortrait;
				INFOPLIST_KEY_UISupportedInterfaceOrientations_iPad = "UIInterfaceOrientationLandscapeLeft UIInterfaceOrientationLandscapeRight UIInterfaceOrientationPortrait UIInterfaceOrientationPortraitUpsideDown";
				IPHONEOS_DEPLOYMENT_TARGET = 15.6;
				LD_RUNPATH_SEARCH_PATHS = (
					"$(inherited)",
					"@executable_path/Frameworks",
				);
				MARKETING_VERSION = 1.0;
				PRODUCT_BUNDLE_IDENTIFIER = "com.wesleychastainC.Full-Count";
				PRODUCT_NAME = "$(TARGET_NAME)";
				PROVISIONING_PROFILE_SPECIFIER = "";
				SUPPORTED_PLATFORMS = "iphoneos iphonesimulator";
				SUPPORTS_MACCATALYST = NO;
				SUPPORTS_MAC_DESIGNED_FOR_IPHONE_IPAD = NO;
				SUPPORTS_XR_DESIGNED_FOR_IPHONE_IPAD = NO;
				SWIFT_EMIT_LOC_STRINGS = YES;
				SWIFT_VERSION = 5.0;
				TARGETED_DEVICE_FAMILY = "1,2";
			};
			name = Debug;
		};
		2B97017F2BF2F95100C02353 /* Release */ = {
			isa = XCBuildConfiguration;
			buildSettings = {
				ASSETCATALOG_COMPILER_APPICON_NAME = AppIcon;
				ASSETCATALOG_COMPILER_GLOBAL_ACCENT_COLOR_NAME = AccentColor;
				CODE_SIGN_IDENTITY = "Apple Development";
				CODE_SIGN_STYLE = Automatic;
				CURRENT_PROJECT_VERSION = 1;
				DEVELOPMENT_ASSET_PATHS = "\"Full Count/Preview Content\"";
				DEVELOPMENT_TEAM = G575KQ36CP;
				ENABLE_PREVIEWS = YES;
				GENERATE_INFOPLIST_FILE = YES;
				INFOPLIST_FILE = "Full-Count-Info.plist";
				INFOPLIST_KEY_CFBundleDisplayName = CountFusion;
				INFOPLIST_KEY_LSApplicationCategoryType = "public.app-category.utilities";
				INFOPLIST_KEY_UIApplicationSceneManifest_Generation = YES;
				INFOPLIST_KEY_UIApplicationSupportsIndirectInputEvents = YES;
				INFOPLIST_KEY_UILaunchScreen_Generation = YES;
				INFOPLIST_KEY_UIRequiresFullScreen = NO;
				INFOPLIST_KEY_UIStatusBarStyle = "";
				INFOPLIST_KEY_UISupportedInterfaceOrientations = UIInterfaceOrientationPortrait;
				INFOPLIST_KEY_UISupportedInterfaceOrientations_iPad = "UIInterfaceOrientationLandscapeLeft UIInterfaceOrientationLandscapeRight UIInterfaceOrientationPortrait UIInterfaceOrientationPortraitUpsideDown";
				IPHONEOS_DEPLOYMENT_TARGET = 15.6;
				LD_RUNPATH_SEARCH_PATHS = (
					"$(inherited)",
					"@executable_path/Frameworks",
				);
				MARKETING_VERSION = 1.0;
				PRODUCT_BUNDLE_IDENTIFIER = "com.wesleychastainC.Full-Count";
				PRODUCT_NAME = "$(TARGET_NAME)";
				PROVISIONING_PROFILE_SPECIFIER = "";
				SUPPORTED_PLATFORMS = "iphoneos iphonesimulator";
				SUPPORTS_MACCATALYST = NO;
				SUPPORTS_MAC_DESIGNED_FOR_IPHONE_IPAD = NO;
				SUPPORTS_XR_DESIGNED_FOR_IPHONE_IPAD = NO;
				SWIFT_EMIT_LOC_STRINGS = YES;
				SWIFT_VERSION = 5.0;
				TARGETED_DEVICE_FAMILY = "1,2";
			};
			name = Release;
		};
/* End XCBuildConfiguration section */

/* Begin XCConfigurationList section */
		2B97016A2BF2F94F00C02353 /* Build configuration list for PBXProject "Full Count" */ = {
			isa = XCConfigurationList;
			buildConfigurations = (
				2B97017B2BF2F95100C02353 /* Debug */,
				2B97017C2BF2F95100C02353 /* Release */,
			);
			defaultConfigurationIsVisible = 0;
			defaultConfigurationName = Release;
		};
		2B97017D2BF2F95100C02353 /* Build configuration list for PBXNativeTarget "Full Count" */ = {
			isa = XCConfigurationList;
			buildConfigurations = (
				2B97017E2BF2F95100C02353 /* Debug */,
				2B97017F2BF2F95100C02353 /* Release */,
			);
			defaultConfigurationIsVisible = 0;
			defaultConfigurationName = Release;
		};
/* End XCConfigurationList section */
	};
	rootObject = 2B9701672BF2F94F00C02353 /* Project object */;
}
